{
  "nodes": {
    "fenix": {
      "inputs": {
        "nixpkgs": [
          "nixpkgs"
        ],
        "rust-analyzer-src": "rust-analyzer-src"
      },
      "locked": {
        "lastModified": 1786172426,
        "narHash": "sha256-ac9Z+rwypunbmNoEWvCt/9lWSMOALa1ROt6XeMp5zio=",
        "owner": "nix-community",
        "repo": "fenix",
        "rev": "64f11a7a106236336239646bbffccc0b80563b5c",
        "type": "github"
      },
      "original": {
        "owner": "nix-community",
        "repo": "fenix",
        "type": "github"
      }
    },
    "home-manager": {
      "inputs": {
        "nixpkgs": [
          "nixpkgs"
        ]
      },
      "locked": {
        "lastModified": 1780099287,
        "narHash": "sha256-efIPwVGtIWIjWcznhaop6XN6HxnOL8800hF6CBNvlqQ=",
        "owner": "nix-community",
        "repo": "home-manager",
        "rev": "7d8127d308c3fb9664f7e643eec944be74ebb37d",
        "type": "github"
      },
      "original": {
        "owner": "nix-community",
        "repo": "home-manager",
        "type": "github"
      }
    },
    "nixpkgs": {
      "locked": {
        "lastModified": 1779560665,
        "narHash": "sha256-tpyBcxPpcQb8ukyNF7DoCwfSY3VPsxHoYwj00Cayv5o=",
        "owner": "NixOS",
        "repo": "nixpkgs",
        "rev": "64c08a7ca051951c8eae34e3e3cb1e202fe36786",
        "type": "github"
      },
      "original": {
        "owner": "NixOS",
        "ref": "nixos-unstable",
        "repo": "nixpkgs",
        "type": "github"
      }
    },
    "root": {
      "inputs": {
        "fenix": "fenix",
        "home-manager": "home-manager",
        "nixpkgs": "nixpkgs"
      }
    },
    "rust-analyzer-src": {
      "flake": false,
      "locked": {
        "lastModified": 1786107464,
        "narHash": "sha256-NfZ5p0Tiemwp63uGuRCJgQKbEVwJPC96byx3MNp3IPQ=",
        "owner": "rust-lang",
        "repo": "rust-analyzer",
        "rev": "2cfd097a835dca6e760d95ce937927dc94b5a5d1",
        "type": "github"
      },
      "original": {
        "owner": "rust-lang",
        "ref": "nightly",
        "repo": "rust-analyzer",
        "type": "github"
      }
    }
  },
  "root": "root",
  "version": 7
}
