{
  "checksum": "0f6a8e64607dfebff49eef0c252dbd7f2a44d401bbbd0f29fc82f44ead948fd0",
  "crates": {
    "no-bash-ast-walker 0.0.0": {
      "name": "no-bash-ast-walker",
      "version": "0.0.0",
      "package_url": null,
      "repository": null,
      "targets": [],
      "library_target_name": null,
      "common_attrs": {
        "compile_data_glob": [
          "**"
        ],
        "deps": {
          "common": [
            {
              "id": "syn 2.0.117",
              "target": "syn"
            },
            {
              "id": "walkdir 2.5.0",
              "target": "walkdir"
            }
          ],
          "selects": {}
        },
        "edition": "2024",
        "version": "0.0.0"
      },
      "license": null,
      "license_ids": [],
      "license_file": null
    },
    "proc-macro2 1.0.106": {
      "name": "proc-macro2",
      "version": "1.0.106",
      "package_url": "https://github.com/dtolnay/proc-macro2",
      "repository": {
        "Http": {
          "url": "https://static.crates.io/crates/proc-macro2/1.0.106/download",
          "sha256": "8fd00f0bb2e90d81d1044c2b32617f68fcb9fa3bb7640c23e9c748e53fb30934"
        }
      },
      "targets": [
        {
          "Library": {
            "crate_name": "proc_macro2",
            "crate_root": "src/lib.rs",
            "srcs": {
              "allow_empty": true,
              "include": [
                "**/*.rs"
              ]
            }
          }
        },
        {
          "BuildScript": {
            "crate_name": "build_script_build",
            "crate_root": "build.rs",
            "srcs": {
              "allow_empty": true,
              "include": [
                "**/*.rs"
              ]
            }
          }
        }
      ],
      "library_target_name": "proc_macro2",
      "common_attrs": {
        "compile_data_glob": [
          "**"
        ],
        "crate_features": {
          "common": [
            "proc-macro"
          ],
          "selects": {}
        },
        "deps": {
          "common": [
            {
              "id": "unicode-ident 1.0.24",
              "target": "unicode_ident"
            }
          ],
          "selects": {}
        },
        "extra_deps": {
          "common": [
            ":build_script_build"
          ],
          "selects": {}
        },
        "edition": "2021",
        "version": "1.0.106"
      },
      "build_script_attrs": {
        "compile_data_glob": [
          "**"
        ],
        "compile_data_glob_excludes": [
          "**/*.rs"
        ],
        "data_glob": [
          "**"
        ]
      },
      "license": "MIT OR Apache-2.0",
      "license_ids": [
        "Apache-2.0",
        "MIT"
      ],
      "license_file": "LICENSE-APACHE"
    },
    "quote 1.0.45": {
      "name": "quote",
      "version": "1.0.45",
      "package_url": "https://github.com/dtolnay/quote",
      "repository": {
        "Http": {
          "url": "https://static.crates.io/crates/quote/1.0.45/download",
          "sha256": "41f2619966050689382d2b44f664f4bc593e129785a36d6ee376ddf37259b924"
        }
      },
      "targets": [
        {
          "Library": {
            "crate_name": "quote",
            "crate_root": "src/lib.rs",
            "srcs": {
              "allow_empty": true,
              "include": [
                "**/*.rs"
              ]
            }
          }
        },
        {
          "BuildScript": {
            "crate_name": "build_script_build",
            "crate_root": "build.rs",
            "srcs": {
              "allow_empty": true,
              "include": [
                "**/*.rs"
              ]
            }
          }
        }
      ],
      "library_target_name": "quote",
      "common_attrs": {
        "compile_data_glob": [
          "**"
        ],
        "crate_features": {
          "common": [
            "proc-macro"
          ],
          "selects": {}
        },
        "deps": {
          "common": [
            {
              "id": "proc-macro2 1.0.106",
              "target": "proc_macro2"
            }
          ],
          "selects": {}
        },
        "extra_deps": {
          "common": [
            ":build_script_build"
          ],
          "selects": {}
        },
        "edition": "2021",
        "version": "1.0.45"
      },
      "build_script_attrs": {
        "compile_data_glob": [
          "**"
        ],
        "compile_data_glob_excludes": [
          "**/*.rs"
        ],
        "data_glob": [
          "**"
        ]
      },
      "license": "MIT OR Apache-2.0",
      "license_ids": [
        "Apache-2.0",
        "MIT"
      ],
      "license_file": "LICENSE-APACHE"
    },
    "same-file 1.0.6": {
      "name": "same-file",
      "version": "1.0.6",
      "package_url": "https://github.com/BurntSushi/same-file",
      "repository": {
        "Http": {
          "url": "https://static.crates.io/crates/same-file/1.0.6/download",
          "sha256": "93fc1dc3aaa9bfed95e02e6eadabb4baf7e3078b0bd1b4d7b6b0b68378900502"
        }
      },
      "targets": [
        {
          "Library": {
            "crate_name": "same_file",
            "crate_root": "src/lib.rs",
            "srcs": {
              "allow_empty": true,
              "include": [
                "**/*.rs"
              ]
            }
          }
        }
      ],
      "library_target_name": "same_file",
      "common_attrs": {
        "compile_data_glob": [
          "**"
        ],
        "deps": {
          "common": [],
          "selects": {
            "cfg(windows)": [
              {
                "id": "winapi-util 0.1.11",
                "target": "winapi_util"
              }
            ]
          }
        },
        "edition": "2018",
        "version": "1.0.6"
      },
      "license": "Unlicense/MIT",
      "license_ids": [
        "MIT",
        "Unlicense"
      ],
      "license_file": "LICENSE-MIT"
    },
    "syn 2.0.117": {
      "name": "syn",
      "version": "2.0.117",
      "package_url": "https://github.com/dtolnay/syn",
      "repository": {
        "Http": {
          "url": "https://static.crates.io/crates/syn/2.0.117/download",
          "sha256": "e665b8803e7b1d2a727f4023456bbbbe74da67099c585258af0ad9c5013b9b99"
        }
      },
      "targets": [
        {
          "Library": {
            "crate_name": "syn",
            "crate_root": "src/lib.rs",
            "srcs": {
              "allow_empty": true,
              "include": [
                "**/*.rs"
              ]
            }
          }
        }
      ],
      "library_target_name": "syn",
      "common_attrs": {
        "compile_data_glob": [
          "**"
        ],
        "crate_features": {
          "common": [
            "clone-impls",
            "default",
            "derive",
            "extra-traits",
            "full",
            "parsing",
            "printing",
            "proc-macro",
            "visit"
          ],
          "selects": {}
        },
        "deps": {
          "common": [
            {
              "id": "proc-macro2 1.0.106",
              "target": "proc_macro2"
            },
            {
              "id": "quote 1.0.45",
              "target": "quote"
            },
            {
              "id": "unicode-ident 1.0.24",
              "target": "unicode_ident"
            }
          ],
          "selects": {}
        },
        "edition": "2021",
        "version": "2.0.117"
      },
      "license": "MIT OR Apache-2.0",
      "license_ids": [
        "Apache-2.0",
        "MIT"
      ],
      "license_file": "LICENSE-APACHE"
    },
    "unicode-ident 1.0.24": {
      "name": "unicode-ident",
      "version": "1.0.24",
      "package_url": "https://github.com/dtolnay/unicode-ident",
      "repository": {
        "Http": {
          "url": "https://static.crates.io/crates/unicode-ident/1.0.24/download",
          "sha256": "e6e4313cd5fcd3dad5cafa179702e2b244f760991f45397d14d4ebf38247da75"
        }
      },
      "targets": [
        {
          "Library": {
            "crate_name": "unicode_ident",
            "crate_root": "src/lib.rs",
            "srcs": {
              "allow_empty": true,
              "include": [
                "**/*.rs"
              ]
            }
          }
        }
      ],
      "library_target_name": "unicode_ident",
      "common_attrs": {
        "compile_data_glob": [
          "**"
        ],
        "edition": "2021",
        "version": "1.0.24"
      },
      "license": "(MIT OR Apache-2.0) AND Unicode-3.0",
      "license_ids": [
        "Apache-2.0",
        "MIT",
        "Unicode-3.0"
      ],
      "license_file": "LICENSE-APACHE"
    },
    "walkdir 2.5.0": {
      "name": "walkdir",
      "version": "2.5.0",
      "package_url": "https://github.com/BurntSushi/walkdir",
      "repository": {
        "Http": {
          "url": "https://static.crates.io/crates/walkdir/2.5.0/download",
          "sha256": "29790946404f91d9c5d06f9874efddea1dc06c5efe94541a7d6863108e3a5e4b"
        }
      },
      "targets": [
        {
          "Library": {
            "crate_name": "walkdir",
            "crate_root": "src/lib.rs",
            "srcs": {
              "allow_empty": true,
              "include": [
                "**/*.rs"
              ]
            }
          }
        }
      ],
      "library_target_name": "walkdir",
      "common_attrs": {
        "compile_data_glob": [
          "**"
        ],
        "deps": {
          "common": [
            {
              "id": "same-file 1.0.6",
              "target": "same_file"
            }
          ],
          "selects": {
            "cfg(windows)": [
              {
                "id": "winapi-util 0.1.11",
                "target": "winapi_util"
              }
            ]
          }
        },
        "edition": "2018",
        "version": "2.5.0"
      },
      "license": "Unlicense/MIT",
      "license_ids": [
        "MIT",
        "Unlicense"
      ],
      "license_file": "LICENSE-MIT"
    },
    "winapi-util 0.1.11": {
      "name": "winapi-util",
      "version": "0.1.11",
      "package_url": "https://github.com/BurntSushi/winapi-util",
      "repository": {
        "Http": {
          "url": "https://static.crates.io/crates/winapi-util/0.1.11/download",
          "sha256": "c2a7b1c03c876122aa43f3020e6c3c3ee5c05081c9a00739faf7503aeba10d22"
        }
      },
      "targets": [
        {
          "Library": {
            "crate_name": "winapi_util",
            "crate_root": "src/lib.rs",
            "srcs": {
              "allow_empty": true,
              "include": [
                "**/*.rs"
              ]
            }
          }
        }
      ],
      "library_target_name": "winapi_util",
      "common_attrs": {
        "compile_data_glob": [
          "**"
        ],
        "deps": {
          "common": [],
          "selects": {
            "cfg(windows)": [
              {
                "id": "windows-sys 0.61.2",
                "target": "windows_sys"
              }
            ]
          }
        },
        "edition": "2021",
        "version": "0.1.11"
      },
      "license": "Unlicense OR MIT",
      "license_ids": [
        "MIT",
        "Unlicense"
      ],
      "license_file": "LICENSE-MIT"
    },
    "windows-link 0.2.1": {
      "name": "windows-link",
      "version": "0.2.1",
      "package_url": "https://github.com/microsoft/windows-rs",
      "repository": {
        "Http": {
          "url": "https://static.crates.io/crates/windows-link/0.2.1/download",
          "sha256": "f0805222e57f7521d6a62e36fa9163bc891acd422f971defe97d64e70d0a4fe5"
        }
      },
      "targets": [
        {
          "Library": {
            "crate_name": "windows_link",
            "crate_root": "src/lib.rs",
            "srcs": {
              "allow_empty": true,
              "include": [
                "**/*.rs"
              ]
            }
          }
        }
      ],
      "library_target_name": "windows_link",
      "common_attrs": {
        "compile_data_glob": [
          "**"
        ],
        "edition": "2021",
        "version": "0.2.1"
      },
      "license": "MIT OR Apache-2.0",
      "license_ids": [
        "Apache-2.0",
        "MIT"
      ],
      "license_file": "license-apache-2.0"
    },
    "windows-sys 0.61.2": {
      "name": "windows-sys",
      "version": "0.61.2",
      "package_url": "https://github.com/microsoft/windows-rs",
      "repository": {
        "Http": {
          "url": "https://static.crates.io/crates/windows-sys/0.61.2/download",
          "sha256": "ae137229bcbd6cdf0f7b80a31df61766145077ddf49416a728b02cb3921ff3fc"
        }
      },
      "targets": [
        {
          "Library": {
            "crate_name": "windows_sys",
            "crate_root": "src/lib.rs",
            "srcs": {
              "allow_empty": true,
              "include": [
                "**/*.rs"
              ]
            }
          }
        }
      ],
      "library_target_name": "windows_sys",
      "common_attrs": {
        "compile_data_glob": [
          "**"
        ],
        "crate_features": {
          "common": [
            "Win32",
            "Win32_Foundation",
            "Win32_Storage",
            "Win32_Storage_FileSystem",
            "Win32_System",
            "Win32_System_Console",
            "Win32_System_SystemInformation",
            "default"
          ],
          "selects": {}
        },
        "deps": {
          "common": [
            {
              "id": "windows-link 0.2.1",
              "target": "windows_link"
            }
          ],
          "selects": {}
        },
        "edition": "2021",
        "version": "0.61.2"
      },
      "license": "MIT OR Apache-2.0",
      "license_ids": [
        "Apache-2.0",
        "MIT"
      ],
      "license_file": "license-apache-2.0"
    }
  },
  "binary_crates": [],
  "workspace_members": {
    "no-bash-ast-walker 0.0.0": ""
  },
  "conditions": {
    "aarch64-apple-darwin": [
      "aarch64-apple-darwin"
    ],
    "aarch64-unknown-linux-gnu": [
      "aarch64-unknown-linux-gnu"
    ],
    "cfg(windows)": [
      "x86_64-pc-windows-msvc"
    ],
    "wasm32-unknown-unknown": [
      "wasm32-unknown-unknown"
    ],
    "wasm32-wasip1": [
      "wasm32-wasip1"
    ],
    "x86_64-pc-windows-msvc": [
      "x86_64-pc-windows-msvc"
    ],
    "x86_64-unknown-linux-gnu": [
      "x86_64-unknown-linux-gnu"
    ],
    "x86_64-unknown-nixos-gnu": [
      "x86_64-unknown-nixos-gnu"
    ]
  },
  "direct_deps": [
    "syn 2.0.117",
    "walkdir 2.5.0"
  ],
  "direct_dev_deps": [],
  "unused_patches": []
}
